
Microsoft Visual Studio Solution File, Format Version 12.00
# Visual Studio Version 16
VisualStudioVersion = 16.0.29326.143
MinimumVisualStudioVersion = 10.0.40219.1
Project("{FAE04EC0-301F-11D3-BF4B-00C04F79EFBC}") = "CSBASIC", "CSBASIC\CSBASIC.csproj", "{489F6D17-E810-4EFF-95EB-F5C2CFE8975F}"
EndProject
Global
	GlobalSection(SolutionConfigurationPlatforms) = preSolution
		Debug|Any CPU = Debug|Any CPU
		Release|Any CPU = Release|Any CPU
	EndGlobalSection
	GlobalSection(ProjectConfigurationPlatforms) = postSolution
		{489F6D17-E810-4EFF-95EB-F5C2CFE8975F}.Debug|Any CPU.ActiveCfg = Debug|Any CPU
		{489F6D17-E810-4EFF-95EB-F5C2CFE8975F}.Debug|Any CPU.Build.0 = Debug|Any CPU
		{489F6D17-E810-4EFF-95EB-F5C2CFE8975F}.Release|Any CPU.ActiveCfg = Release|Any CPU
		{489F6D17-E810-4EFF-95EB-F5C2CFE8975F}.Release|Any CPU.Build.0 = Release|Any CPU
	EndGlobalSection
	GlobalSection(SolutionProperties) = preSolution
		HideSolutionNode = FALSE
	EndGlobalSection
	GlobalSection(ExtensibilityGlobals) = postSolution
		SolutionGuid = {5183F30D-BEF7-484F-A4B7-A4B2580330B4}
	EndGlobalSection
EndGlobal
